
Microsoft Visual Studio Solution File, Format Version 12.00
# Visual Studio Version 16
VisualStudioVersion = 25.0.1705.3
MinimumVisualStudioVersion = 10.0.40219.1
Project("{FAE04EC0-301F-11D3-BF4B-00C04F79EFBC}") = "APEIS", "APEIS\APEIS.csproj", "{D992F904-D391-4566-84D1-34EF5F172E95}"
EndProject
Global
	GlobalSection(SolutionConfigurationPlatforms) = preSolution
		Debug|Any CPU = Debug|Any CPU
		Release|Any CPU = Release|Any CPU
	EndGlobalSection
	GlobalSection(ProjectConfigurationPlatforms) = postSolution
		{D992F904-D391-4566-84D1-34EF5F172E95}.Debug|Any CPU.ActiveCfg = Debug|Any CPU
		{D992F904-D391-4566-84D1-34EF5F172E95}.Debug|Any CPU.Build.0 = Debug|Any CPU
		{D992F904-D391-4566-84D1-34EF5F172E95}.Release|Any CPU.ActiveCfg = Release|Any CPU
		{D992F904-D391-4566-84D1-34EF5F172E95}.Release|Any CPU.Build.0 = Release|Any CPU
	EndGlobalSection
	GlobalSection(SolutionProperties) = preSolution
		HideSolutionNode = FALSE
	EndGlobalSection
	GlobalSection(ExtensibilityGlobals) = postSolution
		SolutionGuid = {2F894836-DD7E-43AF-A73F-AC4C6D8CF348}
	EndGlobalSection
EndGlobal
